
Microsoft Visual Studio Solution File, Format Version 12.00
# Visual Studio 15
Project("{FAE04EC0-301F-11D3-BF4B-00C04F79EFBC}") = "Assembly-CSharp", "Assembly-CSharp.csproj", "{1BF1962C-EEA8-28F8-02E8-32C48D292168}"
EndProject
Project("{FAE04EC0-301F-11D3-BF4B-00C04F79EFBC}") = "Assembly-CSharp-firstpass", "Assembly-CSharp-firstpass.csproj", "{22AEB6D7-331E-788C-2146-9174C65C09C9}"
EndProject
Global
	GlobalSection(SolutionConfigurationPlatforms) = preSolution
		Debug|Any CPU = Debug|Any CPU
		Release|Any CPU = Release|Any CPU
	EndGlobalSection
	GlobalSection(ProjectConfigurationPlatforms) = postSolution
		{1BF1962C-EEA8-28F8-02E8-32C48D292168}.Debug|Any CPU.ActiveCfg = Debug|Any CPU
		{1BF1962C-EEA8-28F8-02E8-32C48D292168}.Debug|Any CPU.Build.0 = Debug|Any CPU
		{1BF1962C-EEA8-28F8-02E8-32C48D292168}.Release|Any CPU.ActiveCfg = Release|Any CPU
		{1BF1962C-EEA8-28F8-02E8-32C48D292168}.Release|Any CPU.Build.0 = Release|Any CPU
		{22AEB6D7-331E-788C-2146-9174C65C09C9}.Debug|Any CPU.ActiveCfg = Debug|Any CPU
		{22AEB6D7-331E-788C-2146-9174C65C09C9}.Debug|Any CPU.Build.0 = Debug|Any CPU
		{22AEB6D7-331E-788C-2146-9174C65C09C9}.Release|Any CPU.ActiveCfg = Release|Any CPU
		{22AEB6D7-331E-788C-2146-9174C65C09C9}.Release|Any CPU.Build.0 = Release|Any CPU
	EndGlobalSection
	GlobalSection(SolutionProperties) = preSolution
		HideSolutionNode = FALSE
	EndGlobalSection
EndGlobal
